
Microsoft Visual Studio Solution File, Format Version 12.00
# Visual Studio Version 17
VisualStudioVersion = 17.5.33627.172
MinimumVisualStudioVersion = 10.0.40219.1
Project("{9A19103F-16F7-4668-BE54-9A1E7A4F7556}") = "Shop.Presentation.Web", "Shop.Presentation.Web\Shop.Presentation.Web.csproj", "{9DDEF2C1-A483-4608-9A66-701235223378}"
EndProject
Project("{9A19103F-16F7-4668-BE54-9A1E7A4F7556}") = "Shop.BusinessLogic", "Shop.BusinessLogic\Shop.BusinessLogic.csproj", "{1FFC23DB-BBAE-443D-8120-66D569AF6C4B}"
EndProject
Project("{9A19103F-16F7-4668-BE54-9A1E7A4F7556}") = "Shop.DataAccess.Json", "Shop.DataAccess.Json\Shop.DataAccess.Json.csproj", "{21BB8110-82D9-4FE5-8300-1047C9FC66ED}"
EndProject
Project("{9A19103F-16F7-4668-BE54-9A1E7A4F7556}") = "Shop.DataAccess.EFCore", "Shop.DataAccess.EFCore\Shop.DataAccess.EFCore.csproj", "{FFB03E60-1310-4525-AC52-89383AC4D8A1}"
EndProject
Project("{00D1A9C2-B5F0-4AF3-8072-F6C62B433612}") = "Database1", "..\..\source\repos\Database1\Database1.sqlproj", "{C2DBD365-A5CF-4C87-AE75-AC82D687D5E0}"
EndProject
Global
	GlobalSection(SolutionConfigurationPlatforms) = preSolution
		Debug|Any CPU = Debug|Any CPU
		Release|Any CPU = Release|Any CPU
	EndGlobalSection
	GlobalSection(ProjectConfigurationPlatforms) = postSolution
		{9DDEF2C1-A483-4608-9A66-701235223378}.Debug|Any CPU.ActiveCfg = Debug|Any CPU
		{9DDEF2C1-A483-4608-9A66-701235223378}.Debug|Any CPU.Build.0 = Debug|Any CPU
		{9DDEF2C1-A483-4608-9A66-701235223378}.Release|Any CPU.ActiveCfg = Release|Any CPU
		{9DDEF2C1-A483-4608-9A66-701235223378}.Release|Any CPU.Build.0 = Release|Any CPU
		{1FFC23DB-BBAE-443D-8120-66D569AF6C4B}.Debug|Any CPU.ActiveCfg = Debug|Any CPU
		{1FFC23DB-BBAE-443D-8120-66D569AF6C4B}.Debug|Any CPU.Build.0 = Debug|Any CPU
		{1FFC23DB-BBAE-443D-8120-66D569AF6C4B}.Release|Any CPU.ActiveCfg = Release|Any CPU
		{1FFC23DB-BBAE-443D-8120-66D569AF6C4B}.Release|Any CPU.Build.0 = Release|Any CPU
		{21BB8110-82D9-4FE5-8300-1047C9FC66ED}.Debug|Any CPU.ActiveCfg = Debug|Any CPU
		{21BB8110-82D9-4FE5-8300-1047C9FC66ED}.Debug|Any CPU.Build.0 = Debug|Any CPU
		{21BB8110-82D9-4FE5-8300-1047C9FC66ED}.Release|Any CPU.ActiveCfg = Release|Any CPU
		{21BB8110-82D9-4FE5-8300-1047C9FC66ED}.Release|Any CPU.Build.0 = Release|Any CPU
		{FFB03E60-1310-4525-AC52-89383AC4D8A1}.Debug|Any CPU.ActiveCfg = Debug|Any CPU
		{FFB03E60-1310-4525-AC52-89383AC4D8A1}.Debug|Any CPU.Build.0 = Debug|Any CPU
		{FFB03E60-1310-4525-AC52-89383AC4D8A1}.Release|Any CPU.ActiveCfg = Release|Any CPU
		{FFB03E60-1310-4525-AC52-89383AC4D8A1}.Release|Any CPU.Build.0 = Release|Any CPU
		{C2DBD365-A5CF-4C87-AE75-AC82D687D5E0}.Debug|Any CPU.ActiveCfg = Debug|Any CPU
		{C2DBD365-A5CF-4C87-AE75-AC82D687D5E0}.Debug|Any CPU.Build.0 = Debug|Any CPU
		{C2DBD365-A5CF-4C87-AE75-AC82D687D5E0}.Debug|Any CPU.Deploy.0 = Debug|Any CPU
		{C2DBD365-A5CF-4C87-AE75-AC82D687D5E0}.Release|Any CPU.ActiveCfg = Release|Any CPU
		{C2DBD365-A5CF-4C87-AE75-AC82D687D5E0}.Release|Any CPU.Build.0 = Release|Any CPU
		{C2DBD365-A5CF-4C87-AE75-AC82D687D5E0}.Release|Any CPU.Deploy.0 = Release|Any CPU
	EndGlobalSection
	GlobalSection(SolutionProperties) = preSolution
		HideSolutionNode = FALSE
	EndGlobalSection
	GlobalSection(ExtensibilityGlobals) = postSolution
		SolutionGuid = {70A75D3B-E781-440B-A049-C219A6A148D7}
	EndGlobalSection
EndGlobal
